
Microsoft Visual Studio Solution File, Format Version 12.00
# Visual Studio Version 16
VisualStudioVersion = 16.0.29102.190
MinimumVisualStudioVersion = 10.0.40219.1
Project("{FAE04EC0-301F-11D3-BF4B-00C04F79EFBC}") = "Controle de Poltronas", "Controle de Poltronas\Controle de Poltronas.csproj", "{C24A68D3-7F9C-489A-9FED-403A815399CC}"
EndProject
Global
	GlobalSection(SolutionConfigurationPlatforms) = preSolution
		Debug|Any CPU = Debug|Any CPU
		Release|Any CPU = Release|Any CPU
	EndGlobalSection
	GlobalSection(ProjectConfigurationPlatforms) = postSolution
		{C24A68D3-7F9C-489A-9FED-403A815399CC}.Debug|Any CPU.ActiveCfg = Debug|Any CPU
		{C24A68D3-7F9C-489A-9FED-403A815399CC}.Debug|Any CPU.Build.0 = Debug|Any CPU
		{C24A68D3-7F9C-489A-9FED-403A815399CC}.Release|Any CPU.ActiveCfg = Release|Any CPU
		{C24A68D3-7F9C-489A-9FED-403A815399CC}.Release|Any CPU.Build.0 = Release|Any CPU
	EndGlobalSection
	GlobalSection(SolutionProperties) = preSolution
		HideSolutionNode = FALSE
	EndGlobalSection
	GlobalSection(ExtensibilityGlobals) = postSolution
		SolutionGuid = {2D7E6D8F-CAC4-45EA-9763-8D9600575E45}
	EndGlobalSection
EndGlobal
